PODS:
  - Bolts/Tasks (1.9.1)
  - IceCream (1.13.2):
    - RealmSwift
  - Kingfisher (6.1.1)
  - lottie-ios (3.2.1)
  - MarqueeLabel (4.0.5)
  - Parse (1.19.1):
    - Parse/Core (= 1.19.1)
  - Parse/Core (1.19.1):
    - Bolts/Tasks (= 1.9.1)
  - Realm (10.5.1):
    - Realm/Headers (= 10.5.1)
  - Realm/Headers (10.5.1)
  - RealmSwift (10.5.1):
    - Realm (= 10.5.1)
  - Swinject (2.7.1)
  - ThirdPartyMailer (1.7.1)

DEPENDENCIES:
  - IceCream (= 1.13.2)
  - Kingfisher
  - lottie-ios
  - MarqueeLabel
  - Parse
  - RealmSwift (= 10.5.1)
  - Swinject
  - ThirdPartyMailer

SPEC REPOS:
  trunk:
    - Bolts
    - IceCream
    - Kingfisher
    - lottie-ios
    - MarqueeLabel
    - Parse
    - Realm
    - RealmSwift
    - Swinject
    - ThirdPartyMailer

SPEC CHECKSUMS:
  Bolts: 8c1e8aab2f603387b8b9924f57d1d64f43d3ffdc
  IceCream: 9335dfa136e260ff4ba1b969a49061f5661441d3
  Kingfisher: 676d63307fbef6ed5d5ed400bff36983480d7500
  lottie-ios: 106e92eaf11fbed0a76590b4cdb9b5ec26123ff7
  MarqueeLabel: 00cc0bcd087111dca575878b3531af980559707d
  Parse: e40fdb9c7d665823b7fe9865949cac9a53eb2ce7
  Realm: 77fcb4e0b9f2963ea06f584749a0d7dc9cab95e1
  RealmSwift: 6abe6aa6cd8b70cc1a87afcb9232cabea74ff1ac
  Swinject: ddf78b8486dd9b71a667b852cad919ab4484478e
  ThirdPartyMailer: c81737dd330f8359dc5d15c5bc6ebc3e7a910653

PODFILE CHECKSUM: 5f54a9b9b12c7aa58ade3307250bbe33adf43bab

COCOAPODS: 1.10.1
